
Microsoft Visual Studio Solution File, Format Version 12.00
# Visual Studio Version 16
VisualStudioVersion = 16.0.30717.126
MinimumVisualStudioVersion = 10.0.40219.1
Project("{FAE04EC0-301F-11D3-BF4B-00C04F79EFBC}") = "testInterface_v1.0", "testInterface_v1.0\testInterface_v1.0.csproj", "{1539896B-D9C6-4E79-A45B-A32F8A34D34D}"
EndProject
Global
	GlobalSection(SolutionConfigurationPlatforms) = preSolution
		Debug|Any CPU = Debug|Any CPU
		Release|Any CPU = Release|Any CPU
	EndGlobalSection
	GlobalSection(ProjectConfigurationPlatforms) = postSolution
		{1539896B-D9C6-4E79-A45B-A32F8A34D34D}.Debug|Any CPU.ActiveCfg = Debug|Any CPU
		{1539896B-D9C6-4E79-A45B-A32F8A34D34D}.Debug|Any CPU.Build.0 = Debug|Any CPU
		{1539896B-D9C6-4E79-A45B-A32F8A34D34D}.Release|Any CPU.ActiveCfg = Release|Any CPU
		{1539896B-D9C6-4E79-A45B-A32F8A34D34D}.Release|Any CPU.Build.0 = Release|Any CPU
	EndGlobalSection
	GlobalSection(SolutionProperties) = preSolution
		HideSolutionNode = FALSE
	EndGlobalSection
	GlobalSection(ExtensibilityGlobals) = postSolution
		SolutionGuid = {EE25D3B7-2CA8-4528-B802-F7A1534D3AC1}
	EndGlobalSection
EndGlobal
