<?xml version="1.0" encoding="utf-8"?>
<Project ToolsVersion="4.0" xmlns="http://schemas.microsoft.com/developer/msbuild/2003">
  <ItemGroup>
    <Filter Include="Source Files">
      <UniqueIdentifier>{4FC737F1-C7A5-4376-A066-2A32D752A2FF}</UniqueIdentifier>
      <Extensions>cpp;c;cc;cxx;c++;cppm;ixx;def;odl;idl;hpj;bat;asm;asmx</Extensions>
    </Filter>
    <Filter Include="Header Files">
      <UniqueIdentifier>{93995380-89BD-4b04-88EB-625FBE52EBFB}</UniqueIdentifier>
      <Extensions>h;hh;hpp;hxx;h++;hm;inl;inc;ipp;xsd</Extensions>
    </Filter>
    <Filter Include="Resource Files">
      <UniqueIdentifier>{67DA6AB6-F800-4c08-8B7A-83BB121AAD01}</UniqueIdentifier>
      <Extensions>rc;ico;cur;bmp;dlg;rc2;rct;bin;rgs;gif;jpg;jpeg;jpe;resx;tiff;tif;png;wav;mfcribbon-ms</Extensions>
    </Filter>
  </ItemGroup>
  <ItemGroup>
    <ClInclude Include="IncludeFiles\AdminAccess.h">
      <Filter>Header Files</Filter>
    </ClInclude>
    <ClInclude Include="IncludeFiles\AuthenticationInfo.h">
      <Filter>Header Files</Filter>
    </ClInclude>
    <ClInclude Include="IncludeFiles\AuthenticatorAbs.h">
      <Filter>Header Files</Filter>
    </ClInclude>
    <ClInclude Include="IncludeFiles\AuthEnum.h">
      <Filter>Header Files</Filter>
    </ClInclude>
    <ClInclude Include="IncludeFiles\CompositeRole.h">
      <Filter>Header Files</Filter>
    </ClInclude>
    <ClInclude Include="IncludeFiles\ConcreteAuthenticator1.h">
      <Filter>Header Files</Filter>
    </ClInclude>
    <ClInclude Include="IncludeFiles\ConcreteReferenceMonitor.h">
      <Filter>Header Files</Filter>
    </ClInclude>
    <ClInclude Include="IncludeFiles\DeniedAccessLogger.h">
      <Filter>Header Files</Filter>
    </ClInclude>
    <ClInclude Include="IncludeFiles\ExecuteAccess.h">
      <Filter>Header Files</Filter>
    </ClInclude>
    <ClInclude Include="IncludeFiles\FullAccess.h">
      <Filter>Header Files</Filter>
    </ClInclude>
    <ClInclude Include="IncludeFiles\LoggerAbs.h">
      <Filter>Header Files</Filter>
    </ClInclude>
    <ClInclude Include="IncludeFiles\LoggerTypeEnum.h">
      <Filter>Header Files</Filter>
    </ClInclude>
    <ClInclude Include="IncludeFiles\NoAccess.h">
      <Filter>Header Files</Filter>
    </ClInclude>
    <ClInclude Include="IncludeFiles\ReadAccess.h">
      <Filter>Header Files</Filter>
    </ClInclude>
    <ClInclude Include="IncludeFiles\ReferenceMonitor.h">
      <Filter>Header Files</Filter>
    </ClInclude>
    <ClInclude Include="IncludeFiles\ReferenceMonitorEnum.h">
      <Filter>Header Files</Filter>
    </ClInclude>
    <ClInclude Include="IncludeFiles\Role.h">
      <Filter>Header Files</Filter>
    </ClInclude>
    <ClInclude Include="IncludeFiles\RoleBuilder.h">
      <Filter>Header Files</Filter>
    </ClInclude>
    <ClInclude Include="IncludeFiles\SimpleRole.h">
      <Filter>Header Files</Filter>
    </ClInclude>
    <ClInclude Include="IncludeFiles\Subject.h">
      <Filter>Header Files</Filter>
    </ClInclude>
    <ClInclude Include="IncludeFiles\SystemAccessLogger.h">
      <Filter>Header Files</Filter>
    </ClInclude>
    <ClInclude Include="IncludeFiles\SystemLogin.h">
      <Filter>Header Files</Filter>
    </ClInclude>
    <ClInclude Include="IncludeFiles\TimeDate.h">
      <Filter>Header Files</Filter>
    </ClInclude>
    <ClInclude Include="IncludeFiles\Types.h">
      <Filter>Header Files</Filter>
    </ClInclude>
    <ClInclude Include="IncludeFiles\WriteAccess.h">
      <Filter>Header Files</Filter>
    </ClInclude>
    <ClInclude Include="IncludeFiles\FileAccessRequest.h">
      <Filter>Header Files</Filter>
    </ClInclude>
    <ClInclude Include="IncludeFiles\FileType1.h">
      <Filter>Header Files</Filter>
    </ClInclude>
    <ClInclude Include="IncludeFiles\FileType2.h">
      <Filter>Header Files</Filter>
    </ClInclude>
    <ClInclude Include="IncludeFiles\FileType3.h">
      <Filter>Header Files</Filter>
    </ClInclude>
    <ClInclude Include="IncludeFiles\FileType4.h">
      <Filter>Header Files</Filter>
    </ClInclude>
  </ItemGroup>
  <ItemGroup>
    <ClCompile Include="SourceFiles\AdminAccess.cpp">
      <Filter>Source Files</Filter>
    </ClCompile>
    <ClCompile Include="SourceFiles\AuthenticationInfo.cpp">
      <Filter>Source Files</Filter>
    </ClCompile>
    <ClCompile Include="SourceFiles\AuthenticatorAbs.cpp">
      <Filter>Source Files</Filter>
    </ClCompile>
    <ClCompile Include="SourceFiles\CompositeRole.cpp">
      <Filter>Source Files</Filter>
    </ClCompile>
    <ClCompile Include="SourceFiles\ConcreteAuthenticator1.cpp">
      <Filter>Source Files</Filter>
    </ClCompile>
    <ClCompile Include="SourceFiles\ConcreteReferenceMonitor.cpp">
      <Filter>Source Files</Filter>
    </ClCompile>
    <ClCompile Include="SourceFiles\DeniedAccessLogger.cpp">
      <Filter>Source Files</Filter>
    </ClCompile>
    <ClCompile Include="SourceFiles\ExecuteAccess.cpp">
      <Filter>Source Files</Filter>
    </ClCompile>
    <ClCompile Include="SourceFiles\FullAccess.cpp">
      <Filter>Source Files</Filter>
    </ClCompile>
    <ClCompile Include="SourceFiles\LoggerAbs.cpp">
      <Filter>Source Files</Filter>
    </ClCompile>
    <ClCompile Include="SourceFiles\main.cpp">
      <Filter>Source Files</Filter>
    </ClCompile>
    <ClCompile Include="SourceFiles\NoAccess.cpp">
      <Filter>Source Files</Filter>
    </ClCompile>
    <ClCompile Include="SourceFiles\ReadAccess.cpp">
      <Filter>Source Files</Filter>
    </ClCompile>
    <ClCompile Include="SourceFiles\ReferenceMonitor.cpp">
      <Filter>Source Files</Filter>
    </ClCompile>
    <ClCompile Include="SourceFiles\Role.cpp">
      <Filter>Source Files</Filter>
    </ClCompile>
    <ClCompile Include="SourceFiles\RoleBuilder.cpp">
      <Filter>Source Files</Filter>
    </ClCompile>
    <ClCompile Include="SourceFiles\SimpleRole.cpp">
      <Filter>Source Files</Filter>
    </ClCompile>
    <ClCompile Include="SourceFiles\Subject.cpp">
      <Filter>Source Files</Filter>
    </ClCompile>
    <ClCompile Include="SourceFiles\SystemAccessLogger.cpp">
      <Filter>Source Files</Filter>
    </ClCompile>
    <ClCompile Include="SourceFiles\SystemLogin.cpp">
      <Filter>Source Files</Filter>
    </ClCompile>
    <ClCompile Include="SourceFiles\TimeDate.cpp">
      <Filter>Source Files</Filter>
    </ClCompile>
    <ClCompile Include="SourceFiles\WriteAccess.cpp">
      <Filter>Source Files</Filter>
    </ClCompile>
    <ClCompile Include="SourceFiles\FileAccessRequest.cpp">
      <Filter>Source Files</Filter>
    </ClCompile>
    <ClCompile Include="SourceFiles\FileType1.cpp">
      <Filter>Source Files</Filter>
    </ClCompile>
    <ClCompile Include="SourceFiles\FileType2.cpp">
      <Filter>Source Files</Filter>
    </ClCompile>
    <ClCompile Include="SourceFiles\FileType3.cpp">
      <Filter>Source Files</Filter>
    </ClCompile>
    <ClCompile Include="SourceFiles\FileType4.cpp">
      <Filter>Source Files</Filter>
    </ClCompile>
  </ItemGroup>
</Project>