<?xml version="1.0" encoding="utf-8"?>
<Project ToolsVersion="4.0" xmlns="http://schemas.microsoft.com/developer/msbuild/2003">
  <ItemGroup>
    <Filter Include="Source Files">
      <UniqueIdentifier>{4FC737F1-C7A5-4376-A066-2A32D752A2FF}</UniqueIdentifier>
      <Extensions>cpp;c;cc;cxx;c++;cppm;ixx;def;odl;idl;hpj;bat;asm;asmx</Extensions>
    </Filter>
    <Filter Include="Header Files">
      <UniqueIdentifier>{93995380-89BD-4b04-88EB-625FBE52EBFB}</UniqueIdentifier>
      <Extensions>h;hh;hpp;hxx;h++;hm;inl;inc;ipp;xsd</Extensions>
    </Filter>
    <Filter Include="Resource Files">
      <UniqueIdentifier>{67DA6AB6-F800-4c08-8B7A-83BB121AAD01}</UniqueIdentifier>
      <Extensions>rc;ico;cur;bmp;dlg;rc2;rct;bin;rgs;gif;jpg;jpeg;jpe;resx;tiff;tif;png;wav;mfcribbon-ms</Extensions>
    </Filter>
  </ItemGroup>
  <ItemGroup>
    <ClCompile Include="main.cpp">
      <Filter>Source Files</Filter>
    </ClCompile>
    <ClCompile Include="Subject.cpp">
      <Filter>Source Files</Filter>
    </ClCompile>
    <ClCompile Include="SystemLogin.cpp">
      <Filter>Source Files</Filter>
    </ClCompile>
    <ClCompile Include="ConcreteAuthenticator1.cpp">
      <Filter>Source Files</Filter>
    </ClCompile>
    <ClCompile Include="AuthenticatorAbs.cpp">
      <Filter>Source Files</Filter>
    </ClCompile>
    <ClCompile Include="AuthenticationInfo.cpp">
      <Filter>Source Files</Filter>
    </ClCompile>
    <ClCompile Include="LoggerAbs.cpp">
      <Filter>Source Files</Filter>
    </ClCompile>
    <ClCompile Include="SystemAccessLogger.cpp">
      <Filter>Source Files</Filter>
    </ClCompile>
    <ClCompile Include="DeniedAccessLogger.cpp">
      <Filter>Source Files</Filter>
    </ClCompile>
    <ClCompile Include="TimeDate.cpp">
      <Filter>Source Files</Filter>
    </ClCompile>
    <ClCompile Include="Role.cpp">
      <Filter>Source Files</Filter>
    </ClCompile>
    <ClCompile Include="RoleBuilder.cpp">
      <Filter>Source Files</Filter>
    </ClCompile>
    <ClCompile Include="CompositeRole.cpp">
      <Filter>Source Files</Filter>
    </ClCompile>
    <ClCompile Include="ReadAccess.cpp">
      <Filter>Source Files</Filter>
    </ClCompile>
    <ClCompile Include="WriteAccess.cpp">
      <Filter>Source Files</Filter>
    </ClCompile>
    <ClCompile Include="ExecuteAccess.cpp">
      <Filter>Source Files</Filter>
    </ClCompile>
    <ClCompile Include="FullAccess.cpp">
      <Filter>Source Files</Filter>
    </ClCompile>
    <ClCompile Include="SimpleRole.cpp">
      <Filter>Source Files</Filter>
    </ClCompile>
    <ClCompile Include="AdminAccess.cpp">
      <Filter>Source Files</Filter>
    </ClCompile>
    <ClCompile Include="NoAccess.cpp">
      <Filter>Source Files</Filter>
    </ClCompile>
    <ClCompile Include="ReferenceMonitor.cpp">
      <Filter>Source Files</Filter>
    </ClCompile>
  </ItemGroup>
  <ItemGroup>
    <ClInclude Include="Subject.h">
      <Filter>Header Files</Filter>
    </ClInclude>
    <ClInclude Include="SystemLogin.h">
      <Filter>Header Files</Filter>
    </ClInclude>
    <ClInclude Include="ConcreteAuthenticator1.h">
      <Filter>Header Files</Filter>
    </ClInclude>
    <ClInclude Include="AuthenticatorAbs.h">
      <Filter>Header Files</Filter>
    </ClInclude>
    <ClInclude Include="AuthenticationInfo.h">
      <Filter>Header Files</Filter>
    </ClInclude>
    <ClInclude Include="Types.h">
      <Filter>Header Files</Filter>
    </ClInclude>
    <ClInclude Include="LoggerAbs.h">
      <Filter>Header Files</Filter>
    </ClInclude>
    <ClInclude Include="SystemAccessLogger.h">
      <Filter>Header Files</Filter>
    </ClInclude>
    <ClInclude Include="TimeDate.h">
      <Filter>Header Files</Filter>
    </ClInclude>
    <ClInclude Include="DeniedAccessLogger.h">
      <Filter>Header Files</Filter>
    </ClInclude>
    <ClInclude Include="LoggerTypeEnum.h">
      <Filter>Header Files</Filter>
    </ClInclude>
    <ClInclude Include="AuthEnum.h">
      <Filter>Header Files</Filter>
    </ClInclude>
    <ClInclude Include="Role.h">
      <Filter>Header Files</Filter>
    </ClInclude>
    <ClInclude Include="RoleBuilder.h">
      <Filter>Header Files</Filter>
    </ClInclude>
    <ClInclude Include="CompositeRole.h">
      <Filter>Header Files</Filter>
    </ClInclude>
    <ClInclude Include="ReadAccess.h">
      <Filter>Header Files</Filter>
    </ClInclude>
    <ClInclude Include="WriteAccess.h">
      <Filter>Header Files</Filter>
    </ClInclude>
    <ClInclude Include="ExecuteAccess.h">
      <Filter>Header Files</Filter>
    </ClInclude>
    <ClInclude Include="FullAccess.h">
      <Filter>Header Files</Filter>
    </ClInclude>
    <ClInclude Include="SimpleRole.h">
      <Filter>Header Files</Filter>
    </ClInclude>
    <ClInclude Include="AdminAccess.h">
      <Filter>Header Files</Filter>
    </ClInclude>
    <ClInclude Include="NoAccess.h">
      <Filter>Header Files</Filter>
    </ClInclude>
    <ClInclude Include="ReferenceMonitor.h">
      <Filter>Header Files</Filter>
    </ClInclude>
    <ClInclude Include="ReferenceMonitorEnum.h">
      <Filter>Header Files</Filter>
    </ClInclude>
  </ItemGroup>
</Project>